{
  "lockfile-version": 1,
  "manifest": {
    "version": 1,
    "install": {
      "go": {
        "pkg-path": "go",
        "version": "^1.22.12"
      }
    },
    "hook": {
      "on-activate": "  # Autogenerated by Flox\n\n  # Point GOENV to Flox environment cache\n  export GOENV=\"$FLOX_ENV_CACHE/goenv\"\n\n  # Install Go dependencies\n  go get .\n\n  # End autogenerated by Flox\n"
    },
    "profile": {},
    "options": {
      "systems": [
        "aarch64-darwin",
        "aarch64-linux",
        "x86_64-darwin",
        "x86_64-linux"
      ]
    }
  },
  "packages": [
    {
      "attr_path": "go",
      "broken": false,
      "derivation": "/nix/store/q6dns42jljmikj5n8z09f94g5a4230h6-go-1.25.4.drv",
      "description": "Go Programming language",
      "install_id": "go",
      "license": "BSD-3-Clause",
      "locked_url": "https://github.com/flox/nixpkgs?rev=2d293cbfa5a793b4c50d17c05ef9e385b90edf6c",
      "name": "go-1.25.4",
      "pname": "go",
      "rev": "2d293cbfa5a793b4c50d17c05ef9e385b90edf6c",
      "rev_count": 904649,
      "rev_date": "2025-11-30T15:51:17Z",
      "scrape_date": "2025-12-02T02:53:51.144945Z",
      "stabilities": [
        "unstable"
      ],
      "unfree": false,
      "version": "1.25.4",
      "outputs_to_install": [
        "out"
      ],
      "outputs": {
        "out": "/nix/store/52f5kjcmgmvgrz3rij676b3rjmgg5l5g-go-1.25.4"
      },
      "system": "aarch64-darwin",
      "group": "toplevel",
      "priority": 5
    },
    {
      "attr_path": "go",
      "broken": false,
      "derivation": "/nix/store/c25caab75rsywihykxr4xmmmhndxaphp-go-1.25.4.drv",
      "description": "Go Programming language",
      "install_id": "go",
      "license": "BSD-3-Clause",
      "locked_url": "https://github.com/flox/nixpkgs?rev=2d293cbfa5a793b4c50d17c05ef9e385b90edf6c",
      "name": "go-1.25.4",
      "pname": "go",
      "rev": "2d293cbfa5a793b4c50d17c05ef9e385b90edf6c",
      "rev_count": 904649,
      "rev_date": "2025-11-30T15:51:17Z",
      "scrape_date": "2025-12-02T03:02:30.774707Z",
      "stabilities": [
        "unstable"
      ],
      "unfree": false,
      "version": "1.25.4",
      "outputs_to_install": [
        "out"
      ],
      "outputs": {
        "out": "/nix/store/2ajrlmz1qdpm9k9ankhnp3973wxg1gqs-go-1.25.4"
      },
      "system": "aarch64-linux",
      "group": "toplevel",
      "priority": 5
    },
    {
      "attr_path": "go",
      "broken": false,
      "derivation": "/nix/store/arl751qdzivyrdn3yllvhn5p237wbiw3-go-1.25.4.drv",
      "description": "Go Programming language",
      "install_id": "go",
      "license": "BSD-3-Clause",
      "locked_url": "https://github.com/flox/nixpkgs?rev=2d293cbfa5a793b4c50d17c05ef9e385b90edf6c",
      "name": "go-1.25.4",
      "pname": "go",
      "rev": "2d293cbfa5a793b4c50d17c05ef9e385b90edf6c",
      "rev_count": 904649,
      "rev_date": "2025-11-30T15:51:17Z",
      "scrape_date": "2025-12-02T03:12:00.990067Z",
      "stabilities": [
        "unstable"
      ],
      "unfree": false,
      "version": "1.25.4",
      "outputs_to_install": [
        "out"
      ],
      "outputs": {
        "out": "/nix/store/1rqpvp45rl4sr1l0czrlbmv8jqj9sa7r-go-1.25.4"
      },
      "system": "x86_64-darwin",
      "group": "toplevel",
      "priority": 5
    },
    {
      "attr_path": "go",
      "broken": false,
      "derivation": "/nix/store/p2iym0wkf1ning240z6amc93l4b831b1-go-1.25.4.drv",
      "description": "Go Programming language",
      "install_id": "go",
      "license": "BSD-3-Clause",
      "locked_url": "https://github.com/flox/nixpkgs?rev=2d293cbfa5a793b4c50d17c05ef9e385b90edf6c",
      "name": "go-1.25.4",
      "pname": "go",
      "rev": "2d293cbfa5a793b4c50d17c05ef9e385b90edf6c",
      "rev_count": 904649,
      "rev_date": "2025-11-30T15:51:17Z",
      "scrape_date": "2025-12-02T03:20:42.540939Z",
      "stabilities": [
        "unstable"
      ],
      "unfree": false,
      "version": "1.25.4",
      "outputs_to_install": [
        "out"
      ],
      "outputs": {
        "out": "/nix/store/0a3dyfq09dnkw28ap2i450wjimvdmv6s-go-1.25.4"
      },
      "system": "x86_64-linux",
      "group": "toplevel",
      "priority": 5
    }
  ]
}